
Microsoft Visual Studio Solution File, Format Version 12.00
# Visual Studio 14
VisualStudioVersion = 14.0.25420.1
MinimumVisualStudioVersion = 10.0.40219.1
Project("{FAE04EC0-301F-11D3-BF4B-00C04F79EFBC}") = "LabelPrinting.Webservice", "LabelPrinting.Webservice\LabelPrinting.Webservice.csproj", "{263373BE-289D-4D64-A6F9-CECE103E5512}"
EndProject
Project("{54435603-DBB4-11D2-8724-00A0C9A8B90C}") = "LabelPrinterInstaller", "LabelPrinterInstaller\LabelPrinterInstaller.vdproj", "{585BC4E0-9E29-4E12-932A-8F7035659713}"
EndProject
Global
	GlobalSection(SolutionConfigurationPlatforms) = preSolution
		Debug|Any CPU = Debug|Any CPU
		Release|Any CPU = Release|Any CPU
	EndGlobalSection
	GlobalSection(ProjectConfigurationPlatforms) = postSolution
		{263373BE-289D-4D64-A6F9-CECE103E5512}.Debug|Any CPU.ActiveCfg = Debug|Any CPU
		{263373BE-289D-4D64-A6F9-CECE103E5512}.Debug|Any CPU.Build.0 = Debug|Any CPU
		{263373BE-289D-4D64-A6F9-CECE103E5512}.Release|Any CPU.ActiveCfg = Release|Any CPU
		{263373BE-289D-4D64-A6F9-CECE103E5512}.Release|Any CPU.Build.0 = Release|Any CPU
		{585BC4E0-9E29-4E12-932A-8F7035659713}.Debug|Any CPU.ActiveCfg = Debug
		{585BC4E0-9E29-4E12-932A-8F7035659713}.Release|Any CPU.ActiveCfg = Release
	EndGlobalSection
	GlobalSection(SolutionProperties) = preSolution
		HideSolutionNode = FALSE
	EndGlobalSection
EndGlobal
